
Microsoft Visual Studio Solution File, Format Version 12.00
# Visual Studio 2013
VisualStudioVersion = 12.0.31101.0
MinimumVisualStudioVersion = 10.0.40219.1
Project("{FAE04EC0-301F-11D3-BF4B-00C04F79EFBC}") = "PasswordGen", "PasswordGen\PasswordGen.csproj", "{E79F2DC2-359E-4D1F-8489-8259A5BD215C}"
EndProject
Project("{FAE04EC0-301F-11D3-BF4B-00C04F79EFBC}") = "PasswordGen.Tests", "PasswordGen.Tests\PasswordGen.Tests.csproj", "{CDB44D4B-CB71-4C6B-A410-5DE2057DDFBD}"
EndProject
Global
	GlobalSection(SolutionConfigurationPlatforms) = preSolution
		Debug|Any CPU = Debug|Any CPU
		Release|Any CPU = Release|Any CPU
	EndGlobalSection
	GlobalSection(ProjectConfigurationPlatforms) = postSolution
		{E79F2DC2-359E-4D1F-8489-8259A5BD215C}.Debug|Any CPU.ActiveCfg = Debug|Any CPU
		{E79F2DC2-359E-4D1F-8489-8259A5BD215C}.Debug|Any CPU.Build.0 = Debug|Any CPU
		{E79F2DC2-359E-4D1F-8489-8259A5BD215C}.Release|Any CPU.ActiveCfg = Release|Any CPU
		{E79F2DC2-359E-4D1F-8489-8259A5BD215C}.Release|Any CPU.Build.0 = Release|Any CPU
		{CDB44D4B-CB71-4C6B-A410-5DE2057DDFBD}.Debug|Any CPU.ActiveCfg = Debug|Any CPU
		{CDB44D4B-CB71-4C6B-A410-5DE2057DDFBD}.Debug|Any CPU.Build.0 = Debug|Any CPU
		{CDB44D4B-CB71-4C6B-A410-5DE2057DDFBD}.Release|Any CPU.ActiveCfg = Release|Any CPU
		{CDB44D4B-CB71-4C6B-A410-5DE2057DDFBD}.Release|Any CPU.Build.0 = Release|Any CPU
	EndGlobalSection
	GlobalSection(SolutionProperties) = preSolution
		HideSolutionNode = FALSE
	EndGlobalSection
EndGlobal
